<?xml version="1.0" encoding="utf-8"?>
<Project ToolsVersion="4.0" xmlns="http://schemas.microsoft.com/developer/msbuild/2003">
  <ItemGroup>
    <Filter Include="Source Files">
      <UniqueIdentifier>{4FC737F1-C7A5-4376-A066-2A32D752A2FF}</UniqueIdentifier>
      <Extensions>cpp;c;cc;cxx;c++;cppm;ixx;def;odl;idl;hpj;bat;asm;asmx</Extensions>
    </Filter>
    <Filter Include="Header Files">
      <UniqueIdentifier>{93995380-89BD-4b04-88EB-625FBE52EBFB}</UniqueIdentifier>
      <Extensions>h;hh;hpp;hxx;h++;hm;inl;inc;ipp;xsd</Extensions>
    </Filter>
    <Filter Include="Resource Files">
      <UniqueIdentifier>{67DA6AB6-F800-4c08-8B7A-83BB121AAD01}</UniqueIdentifier>
      <Extensions>rc;ico;cur;bmp;dlg;rc2;rct;bin;rgs;gif;jpg;jpeg;jpe;resx;tiff;tif;png;wav;mfcribbon-ms</Extensions>
    </Filter>
  </ItemGroup>
  <ItemGroup>
    <ClCompile Include="Code\main.cpp">
      <Filter>Source Files</Filter>
    </ClCompile>
    <ClCompile Include="Code\general.cpp">
      <Filter>Source Files</Filter>
    </ClCompile>
    <ClCompile Include="Code\Game.cpp">
      <Filter>Source Files</Filter>
    </ClCompile>
    <ClCompile Include="Code\map.cpp">
      <Filter>Source Files</Filter>
    </ClCompile>
    <ClCompile Include="Code\GlobalVariablesForResources.cpp">
      <Filter>Source Files</Filter>
    </ClCompile>
    <ClCompile Include="Code\GlobalVariablesOfClasses.cpp">
      <Filter>Source Files</Filter>
    </ClCompile>
    <ClCompile Include="Code\interface.cpp">
      <Filter>Source Files</Filter>
    </ClCompile>
    <ClCompile Include="Code\player.cpp">
      <Filter>Source Files</Filter>
    </ClCompile>
    <ClCompile Include="Code\Hitbox.cpp">
      <Filter>Source Files</Filter>
    </ClCompile>
    <ClCompile Include="Code\classesForTasks.cpp">
      <Filter>Source Files</Filter>
    </ClCompile>
    <ClCompile Include="Code\Exceptions.cpp">
      <Filter>Source Files</Filter>
    </ClCompile>
    <ClCompile Include="Code\exam.cpp">
      <Filter>Source Files</Filter>
    </ClCompile>
    <ClCompile Include="Code\save.cpp">
      <Filter>Source Files</Filter>
    </ClCompile>
  </ItemGroup>
  <ItemGroup>
    <ClInclude Include="Code\Game.h">
      <Filter>Header Files</Filter>
    </ClInclude>
    <ClInclude Include="Code\general.h">
      <Filter>Header Files</Filter>
    </ClInclude>
    <ClInclude Include="Code\map.h">
      <Filter>Header Files</Filter>
    </ClInclude>
    <ClInclude Include="Code\Block.h">
      <Filter>Header Files</Filter>
    </ClInclude>
    <ClInclude Include="Code\GlobalConnsts.h">
      <Filter>Header Files</Filter>
    </ClInclude>
    <ClInclude Include="Code\GlobalVariablesForResources.h">
      <Filter>Header Files</Filter>
    </ClInclude>
    <ClInclude Include="Code\GlobalVariablesOfClasses.h">
      <Filter>Header Files</Filter>
    </ClInclude>
    <ClInclude Include="Code\interface.h">
      <Filter>Header Files</Filter>
    </ClInclude>
    <ClInclude Include="Code\player.h">
      <Filter>Header Files</Filter>
    </ClInclude>
    <ClInclude Include="Code\Hitbox.h">
      <Filter>Header Files</Filter>
    </ClInclude>
    <ClInclude Include="Code\initializators.h">
      <Filter>Header Files</Filter>
    </ClInclude>
    <ClInclude Include="Code\classesForTasks.h">
      <Filter>Header Files</Filter>
    </ClInclude>
    <ClInclude Include="Code\Exceptions.h">
      <Filter>Header Files</Filter>
    </ClInclude>
    <ClInclude Include="Code\exam.h">
      <Filter>Header Files</Filter>
    </ClInclude>
    <ClInclude Include="Code\timer.h">
      <Filter>Header Files</Filter>
    </ClInclude>
    <ClInclude Include="Code\save.h">
      <Filter>Header Files</Filter>
    </ClInclude>
  </ItemGroup>
  <ItemGroup>
    <Image Include="Resources\textures\interface\background.png">
      <Filter>Resource Files</Filter>
    </Image>
    <Image Include="Resources\textures\blocks\texture_wall_left.png">
      <Filter>Resource Files</Filter>
    </Image>
    <Image Include="Resources\textures\blocks\texture_wall_right.png">
      <Filter>Resource Files</Filter>
    </Image>
    <Image Include="Resources\textures\pers.png">
      <Filter>Resource Files</Filter>
    </Image>
    <Image Include="Resources\textures\interface\background3.png">
      <Filter>Resource Files</Filter>
    </Image>
    <Image Include="Resources\textures\interface\slider\pic_music.png">
      <Filter>Resource Files</Filter>
    </Image>
    <Image Include="Resources\textures\interface\slider\pic_sound.png">
      <Filter>Resource Files</Filter>
    </Image>
    <Image Include="Resources\textures\interface\slider\slider.png">
      <Filter>Resource Files</Filter>
    </Image>
    <Image Include="Resources\textures\interface\slider\slider_track.png">
      <Filter>Resource Files</Filter>
    </Image>
    <Image Include="Resources\textures\interface\background2.png">
      <Filter>Resource Files</Filter>
    </Image>
    <Image Include="Resources\textures\interface\old_background.png">
      <Filter>Resource Files</Filter>
    </Image>
    <Image Include="Resources\textures\player-sprite.png">
      <Filter>Resource Files</Filter>
    </Image>
    <Image Include="Resources\textures\player-sprite-left.png">
      <Filter>Resource Files</Filter>
    </Image>
    <Image Include="Resources\textures\interface\cursor.png">
      <Filter>Resource Files</Filter>
    </Image>
    <Image Include="Resources\textures\blocks\texture_door1.png">
      <Filter>Resource Files</Filter>
    </Image>
    <Image Include="Resources\textures\blocks\texture_door2.png">
      <Filter>Resource Files</Filter>
    </Image>
    <Image Include="Resources\textures\blocks\texture_door3.png">
      <Filter>Resource Files</Filter>
    </Image>
    <Image Include="Resources\textures\blocks\texture_door4.png">
      <Filter>Resource Files</Filter>
    </Image>
    <Image Include="Resources\textures\blocks\texture_door5.png">
      <Filter>Resource Files</Filter>
    </Image>
    <Image Include="Resources\textures\blocks\texture_ladder1.png">
      <Filter>Resource Files</Filter>
    </Image>
    <Image Include="Resources\textures\blocks\texture_ladder2.png">
      <Filter>Resource Files</Filter>
    </Image>
    <Image Include="Resources\textures\blocks\texture_ladder3.png">
      <Filter>Resource Files</Filter>
    </Image>
    <Image Include="Resources\textures\blocks\texture_ladder4.png">
      <Filter>Resource Files</Filter>
    </Image>
    <Image Include="Resources\textures\blocks\texture_ladder5.png">
      <Filter>Resource Files</Filter>
    </Image>
    <Image Include="Resources\textures\blocks\texture_wall1.png">
      <Filter>Resource Files</Filter>
    </Image>
    <Image Include="Resources\textures\blocks\texture_wall2.png">
      <Filter>Resource Files</Filter>
    </Image>
    <Image Include="Resources\textures\blocks\texture_wall3.png">
      <Filter>Resource Files</Filter>
    </Image>
    <Image Include="Resources\textures\blocks\texture_wall4.png">
      <Filter>Resource Files</Filter>
    </Image>
    <Image Include="Resources\textures\blocks\texture_wall5.png">
      <Filter>Resource Files</Filter>
    </Image>
    <Image Include="Resources\textures\blocks\texture_door0.png">
      <Filter>Resource Files</Filter>
    </Image>
    <Image Include="Resources\textures\blocks\texture_ladder0.png">
      <Filter>Resource Files</Filter>
    </Image>
    <Image Include="Resources\textures\blocks\texture_wall0.png">
      <Filter>Resource Files</Filter>
    </Image>
  </ItemGroup>
  <ItemGroup>
    <Font Include="Resources\fonts\testFont.ttf" />
    <Font Include="Resources\fonts\master_font.ttf" />
  </ItemGroup>
  <ItemGroup>
    <None Include="Resources\json\task.json" />
  </ItemGroup>
</Project>